// !$*UTF8*$!
{
	archiveVersion = 1;
	classes = {
	};
	objectVersion = 56;
	objects = {

/* Begin PBXBuildFile section */
		A00100010000000000000001 /* AuthorsCollectionApp.swift in Sources */ = {isa = PBXBuildFile; fileRef = A00200010000000000000001 /* AuthorsCollectionApp.swift */; };
		A00100010000000000000002 /* AppDelegate.swift in Sources */ = {isa = PBXBuildFile; fileRef = A00200010000000000000002 /* AppDelegate.swift */; };
		A00100010000000000000003 /* AuthUser.swift in Sources */ = {isa = PBXBuildFile; fileRef = A00200010000000000000003 /* AuthUser.swift */; };
		A00100010000000000000004 /* AuthViewState.swift in Sources */ = {isa = PBXBuildFile; fileRef = A00200010000000000000004 /* AuthViewState.swift */; };
		A00100010000000000000005 /* AuthService.swift in Sources */ = {isa = PBXBuildFile; fileRef = A00200010000000000000005 /* AuthService.swift */; };
		A00100010000000000000006 /* AuthViewModel.swift in Sources */ = {isa = PBXBuildFile; fileRef = A00200010000000000000006 /* AuthViewModel.swift */; };
		A00100010000000000000007 /* RootView.swift in Sources */ = {isa = PBXBuildFile; fileRef = A00200010000000000000007 /* RootView.swift */; };
		A0010001000000000000000A /* LoginView.swift in Sources */ = {isa = PBXBuildFile; fileRef = A0020001000000000000000A /* LoginView.swift */; };
		A0010001000000000000000B /* HomeView.swift in Sources */ = {isa = PBXBuildFile; fileRef = A0020001000000000000000B /* HomeView.swift */; };
		A0010001000000000000000D /* Assets.xcassets in Resources */ = {isa = PBXBuildFile; fileRef = A0020001000000000000000D /* Assets.xcassets */; };
		A0010001000000000000000E /* LaunchScreen.storyboard in Resources */ = {isa = PBXBuildFile; fileRef = A0020001000000000000000E /* LaunchScreen.storyboard */; };
		A0010001000000000000000F /* GoogleService-Info.plist in Resources */ = {isa = PBXBuildFile; fileRef = A00200010000000000000010 /* GoogleService-Info.plist */; };
		A00100010000000000000010 /* FirebaseAuth in Frameworks */ = {isa = PBXBuildFile; productRef = A00B00010000000000000001 /* FirebaseAuth */; };
		A00100010000000000000011 /* FirebaseCore in Frameworks */ = {isa = PBXBuildFile; productRef = A00B00010000000000000002 /* FirebaseCore */; };
		A00100010000000000000012 /* GoogleSignIn in Frameworks */ = {isa = PBXBuildFile; productRef = A00B00010000000000000003 /* GoogleSignIn */; };
/* End PBXBuildFile section */

/* Begin PBXFileReference section */
		A00200010000000000000001 /* AuthorsCollectionApp.swift */ = {isa = PBXFileReference; lastKnownFileType = sourcecode.swift; path = AuthorsCollectionApp.swift; sourceTree = "<group>"; };
		A00200010000000000000002 /* AppDelegate.swift */ = {isa = PBXFileReference; lastKnownFileType = sourcecode.swift; path = AppDelegate.swift; sourceTree = "<group>"; };
		A00200010000000000000003 /* AuthUser.swift */ = {isa = PBXFileReference; lastKnownFileType = sourcecode.swift; path = AuthUser.swift; sourceTree = "<group>"; };
		A00200010000000000000004 /* AuthViewState.swift */ = {isa = PBXFileReference; lastKnownFileType = sourcecode.swift; path = AuthViewState.swift; sourceTree = "<group>"; };
		A00200010000000000000005 /* AuthService.swift */ = {isa = PBXFileReference; lastKnownFileType = sourcecode.swift; path = AuthService.swift; sourceTree = "<group>"; };
		A00200010000000000000006 /* AuthViewModel.swift */ = {isa = PBXFileReference; lastKnownFileType = sourcecode.swift; path = AuthViewModel.swift; sourceTree = "<group>"; };
		A00200010000000000000007 /* RootView.swift */ = {isa = PBXFileReference; lastKnownFileType = sourcecode.swift; path = RootView.swift; sourceTree = "<group>"; };
		A0020001000000000000000A /* LoginView.swift */ = {isa = PBXFileReference; lastKnownFileType = sourcecode.swift; path = LoginView.swift; sourceTree = "<group>"; };
		A0020001000000000000000B /* HomeView.swift */ = {isa = PBXFileReference; lastKnownFileType = sourcecode.swift; path = HomeView.swift; sourceTree = "<group>"; };
		A0020001000000000000000D /* Assets.xcassets */ = {isa = PBXFileReference; lastKnownFileType = folder.assetcatalog; path = Assets.xcassets; sourceTree = "<group>"; };
		A0020001000000000000000E /* LaunchScreen.storyboard */ = {isa = PBXFileReference; lastKnownFileType = file.storyboard; path = LaunchScreen.storyboard; sourceTree = "<group>"; };
		A0020001000000000000000F /* Info.plist */ = {isa = PBXFileReference; lastKnownFileType = text.plist.xml; path = Info.plist; sourceTree = "<group>"; };
		A00200010000000000000010 /* GoogleService-Info.plist */ = {isa = PBXFileReference; lastKnownFileType = text.plist.xml; path = "GoogleService-Info.plist"; sourceTree = "<group>"; };
		A00200010000000000000011 /* AuthorsCollection.app */ = {isa = PBXFileReference; explicitFileType = wrapper.application; includeInIndex = 0; path = AuthorsCollection.app; sourceTree = BUILT_PRODUCTS_DIR; };
/* End PBXFileReference section */

/* Begin PBXFrameworksBuildPhase section */
		A00300010000000000000001 /* Frameworks */ = {
			isa = PBXFrameworksBuildPhase;
			buildActionMask = 2147483647;
			files = (
				A00100010000000000000010 /* FirebaseAuth in Frameworks */,
				A00100010000000000000011 /* FirebaseCore in Frameworks */,
				A00100010000000000000012 /* GoogleSignIn in Frameworks */,
			);
			runOnlyForDeploymentPostprocessing = 0;
		};
/* End PBXFrameworksBuildPhase section */

/* Begin PBXGroup section */
		A00400010000000000000001 = {
			isa = PBXGroup;
			children = (
				A00400010000000000000002 /* AuthorsCollection */,
				A00400010000000000000003 /* Products */,
			);
			sourceTree = "<group>";
		};
		A00400010000000000000002 /* AuthorsCollection */ = {
			isa = PBXGroup;
			children = (
				A00200010000000000000002 /* AppDelegate.swift */,
				A00200010000000000000001 /* AuthorsCollectionApp.swift */,
				A00400010000000000000004 /* Models */,
				A00400010000000000000005 /* Services */,
				A00400010000000000000006 /* ViewModels */,
				A00400010000000000000007 /* Views */,
				A00400010000000000000008 /* Resources */,
			);
			path = AuthorsCollection;
			sourceTree = "<group>";
		};
		A00400010000000000000003 /* Products */ = {
			isa = PBXGroup;
			children = (
				A00200010000000000000011 /* AuthorsCollection.app */,
			);
			name = Products;
			sourceTree = "<group>";
		};
		A00400010000000000000004 /* Models */ = {
			isa = PBXGroup;
			children = (
				A00200010000000000000003 /* AuthUser.swift */,
				A00200010000000000000004 /* AuthViewState.swift */,
			);
			path = Models;
			sourceTree = "<group>";
		};
		A00400010000000000000005 /* Services */ = {
			isa = PBXGroup;
			children = (
				A00200010000000000000005 /* AuthService.swift */,
			);
			path = Services;
			sourceTree = "<group>";
		};
		A00400010000000000000006 /* ViewModels */ = {
			isa = PBXGroup;
			children = (
				A00200010000000000000006 /* AuthViewModel.swift */,
			);
			path = ViewModels;
			sourceTree = "<group>";
		};
		A00400010000000000000007 /* Views */ = {
			isa = PBXGroup;
			children = (
				A00200010000000000000007 /* RootView.swift */,
				A0020001000000000000000A /* LoginView.swift */,
				A0020001000000000000000B /* HomeView.swift */,
			);
			path = Views;
			sourceTree = "<group>";
		};
		A00400010000000000000008 /* Resources */ = {
			isa = PBXGroup;
			children = (
				A0020001000000000000000D /* Assets.xcassets */,
				A00400010000000000000009 /* Base.lproj */,
				A00200010000000000000010 /* GoogleService-Info.plist */,
				A0020001000000000000000F /* Info.plist */,
			);
			path = Resources;
			sourceTree = "<group>";
		};
		A00400010000000000000009 /* Base.lproj */ = {
			isa = PBXGroup;
			children = (
				A0020001000000000000000E /* LaunchScreen.storyboard */,
			);
			path = Base.lproj;
			sourceTree = "<group>";
		};
/* End PBXGroup section */

/* Begin PBXNativeTarget section */
		A00500010000000000000001 /* AuthorsCollection */ = {
			isa = PBXNativeTarget;
			buildConfigurationList = A00800010000000000000002 /* Build configuration list for PBXNativeTarget "AuthorsCollection" */;
			buildPhases = (
				A00300010000000000000002 /* Sources */,
				A00300010000000000000001 /* Frameworks */,
				A00300010000000000000003 /* Resources */,
			);
			buildRules = (
			);
			dependencies = (
			);
			name = AuthorsCollection;
			packageProductDependencies = (
				A00B00010000000000000001 /* FirebaseAuth */,
				A00B00010000000000000002 /* FirebaseCore */,
				A00B00010000000000000003 /* GoogleSignIn */,
			);
			productName = AuthorsCollection;
			productReference = A00200010000000000000011 /* AuthorsCollection.app */;
			productType = "com.apple.product-type.application";
		};
/* End PBXNativeTarget section */

/* Begin PBXProject section */
		A00600010000000000000001 /* Project object */ = {
			isa = PBXProject;
			attributes = {
				BuildIndependentTargetsInParallel = YES;
				LastSwiftUpdateCheck = 1600;
				LastUpgradeCheck = 1600;
				TargetAttributes = {
					A00500010000000000000001 = {
						CreatedOnToolsVersion = 16.0;
					};
				};
			};
			buildConfigurationList = A00800010000000000000001 /* Build configuration list for PBXProject "AuthorsCollection" */;
			compatibilityVersion = "Xcode 14.0";
			developmentRegion = en;
			hasScannedForEncodings = 0;
			knownRegions = (
				en,
				Base,
			);
			mainGroup = A00400010000000000000001;
			packageReferences = (
				A00A00010000000000000001 /* XCRemoteSwiftPackageReference "firebase-ios-sdk" */,
				A00A00010000000000000002 /* XCRemoteSwiftPackageReference "GoogleSignIn-iOS" */,
			);
			productRefGroup = A00400010000000000000003 /* Products */;
			projectDirPath = "";
			projectRoot = "";
			targets = (
				A00500010000000000000001 /* AuthorsCollection */,
			);
		};
/* End PBXProject section */

/* Begin PBXResourcesBuildPhase section */
		A00300010000000000000003 /* Resources */ = {
			isa = PBXResourcesBuildPhase;
			buildActionMask = 2147483647;
			files = (
				A0010001000000000000000D /* Assets.xcassets in Resources */,
				A0010001000000000000000E /* LaunchScreen.storyboard in Resources */,
				A0010001000000000000000F /* GoogleService-Info.plist in Resources */,
			);
			runOnlyForDeploymentPostprocessing = 0;
		};
/* End PBXResourcesBuildPhase section */

/* Begin PBXSourcesBuildPhase section */
		A00300010000000000000002 /* Sources */ = {
			isa = PBXSourcesBuildPhase;
			buildActionMask = 2147483647;
			files = (
				A00100010000000000000002 /* AppDelegate.swift in Sources */,
				A00100010000000000000001 /* AuthorsCollectionApp.swift in Sources */,
				A00100010000000000000003 /* AuthUser.swift in Sources */,
				A00100010000000000000004 /* AuthViewState.swift in Sources */,
				A00100010000000000000005 /* AuthService.swift in Sources */,
				A00100010000000000000006 /* AuthViewModel.swift in Sources */,
				A00100010000000000000007 /* RootView.swift in Sources */,
				A0010001000000000000000A /* LoginView.swift in Sources */,
				A0010001000000000000000B /* HomeView.swift in Sources */,
			);
			runOnlyForDeploymentPostprocessing = 0;
		};
/* End PBXSourcesBuildPhase section */

/* Begin XCBuildConfiguration section */
		A00700010000000000000001 /* Debug */ = {
			isa = XCBuildConfiguration;
			buildSettings = {
				ALWAYS_SEARCH_USER_PATHS = NO;
				ASSETCATALOG_COMPILER_APPICON_NAME = AppIcon;
				CLANG_ANALYZER_NONNULL = YES;
				CLANG_ENABLE_MODULES = YES;
				CLANG_WARN_DOCUMENTATION_COMMENTS = YES;
				CODE_SIGN_STYLE = Automatic;
				CURRENT_PROJECT_VERSION = 1;
				DEVELOPMENT_TEAM = "";
				ENABLE_PREVIEWS = YES;
				ENABLE_TESTABILITY = YES;
				GENERATE_INFOPLIST_FILE = NO;
				INFOPLIST_FILE = AuthorsCollection/Resources/Info.plist;
				IPHONEOS_DEPLOYMENT_TARGET = 15.0;
				LD_RUNPATH_SEARCH_PATHS = (
					"$(inherited)",
					"@executable_path/Frameworks",
				);
				MARKETING_VERSION = 1.0;
				PRODUCT_BUNDLE_IDENTIFIER = com.example.authorscollection;
				PRODUCT_NAME = "$(TARGET_NAME)";
				SDKROOT = iphoneos;
				SUPPORTED_PLATFORMS = "iphoneos iphonesimulator";
				SWIFT_EMIT_LOC_STRINGS = YES;
				SWIFT_OPTIMIZATION_LEVEL = "-Onone";
				SWIFT_VERSION = 5.0;
				TARGETED_DEVICE_FAMILY = "1,2";
			};
			name = Debug;
		};
		A00700010000000000000002 /* Release */ = {
			isa = XCBuildConfiguration;
			buildSettings = {
				ALWAYS_SEARCH_USER_PATHS = NO;
				ASSETCATALOG_COMPILER_APPICON_NAME = AppIcon;
				CLANG_ANALYZER_NONNULL = YES;
				CLANG_ENABLE_MODULES = YES;
				CLANG_WARN_DOCUMENTATION_COMMENTS = YES;
				CODE_SIGN_STYLE = Automatic;
				CURRENT_PROJECT_VERSION = 1;
				DEVELOPMENT_TEAM = "";
				ENABLE_PREVIEWS = YES;
				GENERATE_INFOPLIST_FILE = NO;
				INFOPLIST_FILE = AuthorsCollection/Resources/Info.plist;
				IPHONEOS_DEPLOYMENT_TARGET = 15.0;
				LD_RUNPATH_SEARCH_PATHS = (
					"$(inherited)",
					"@executable_path/Frameworks",
				);
				MARKETING_VERSION = 1.0;
				PRODUCT_BUNDLE_IDENTIFIER = com.example.authorscollection;
				PRODUCT_NAME = "$(TARGET_NAME)";
				SDKROOT = iphoneos;
				SUPPORTED_PLATFORMS = "iphoneos iphonesimulator";
				SWIFT_COMPILATION_MODE = wholemodule;
				SWIFT_EMIT_LOC_STRINGS = YES;
				SWIFT_VERSION = 5.0;
				TARGETED_DEVICE_FAMILY = "1,2";
			};
			name = Release;
		};
		A00700010000000000000003 /* Debug */ = {
			isa = XCBuildConfiguration;
			buildSettings = {
				ALWAYS_SEARCH_USER_PATHS = NO;
				CLANG_ANALYZER_NONNULL = YES;
				CLANG_ENABLE_MODULES = YES;
				COPY_PHASE_STRIP = NO;
				DEBUG_INFORMATION_FORMAT = dwarf;
				ENABLE_STRICT_OBJC_MSGSEND = YES;
				GCC_C_LANGUAGE_STANDARD = gnu17;
				GCC_DYNAMIC_NO_PIC = NO;
				GCC_OPTIMIZATION_LEVEL = 0;
				GCC_PREPROCESSOR_DEFINITIONS = (
					"DEBUG=1",
					"$(inherited)",
				);
				IPHONEOS_DEPLOYMENT_TARGET = 15.0;
				MTL_ENABLE_DEBUG_INFO = INCLUDE_SOURCE;
				ONLY_ACTIVE_ARCH = YES;
				SDKROOT = iphoneos;
				SUPPORTED_PLATFORMS = "iphoneos iphonesimulator";
				SWIFT_ACTIVE_COMPILATION_CONDITIONS = "DEBUG $(inherited)";
			};
			name = Debug;
		};
		A00700010000000000000004 /* Release */ = {
			isa = XCBuildConfiguration;
			buildSettings = {
				ALWAYS_SEARCH_USER_PATHS = NO;
				CLANG_ANALYZER_NONNULL = YES;
				CLANG_ENABLE_MODULES = YES;
				COPY_PHASE_STRIP = NO;
				DEBUG_INFORMATION_FORMAT = "dwarf-with-dsym";
				ENABLE_NS_ASSERTIONS = NO;
				ENABLE_STRICT_OBJC_MSGSEND = YES;
				GCC_C_LANGUAGE_STANDARD = gnu17;
				IPHONEOS_DEPLOYMENT_TARGET = 15.0;
				MTL_ENABLE_DEBUG_INFO = NO;
				SDKROOT = iphoneos;
				SUPPORTED_PLATFORMS = "iphoneos iphonesimulator";
				SWIFT_COMPILATION_MODE = wholemodule;
			};
			name = Release;
		};
/* End XCBuildConfiguration section */

/* Begin XCConfigurationList section */
		A00800010000000000000001 /* Build configuration list for PBXProject "AuthorsCollection" */ = {
			isa = XCConfigurationList;
			buildConfigurations = (
				A00700010000000000000003 /* Debug */,
				A00700010000000000000004 /* Release */,
			);
			defaultConfigurationIsVisible = 0;
			defaultConfigurationName = Release;
		};
		A00800010000000000000002 /* Build configuration list for PBXNativeTarget "AuthorsCollection" */ = {
			isa = XCConfigurationList;
			buildConfigurations = (
				A00700010000000000000001 /* Debug */,
				A00700010000000000000002 /* Release */,
			);
			defaultConfigurationIsVisible = 0;
			defaultConfigurationName = Release;
		};
/* End XCConfigurationList section */

/* Begin XCRemoteSwiftPackageReference section */
		A00A00010000000000000001 /* XCRemoteSwiftPackageReference "firebase-ios-sdk" */ = {
			isa = XCRemoteSwiftPackageReference;
			repositoryURL = "https://github.com/firebase/firebase-ios-sdk";
			requirement = {
				kind = upToNextMajorVersion;
				minimumVersion = 11.0.0;
			};
		};
		A00A00010000000000000002 /* XCRemoteSwiftPackageReference "GoogleSignIn-iOS" */ = {
			isa = XCRemoteSwiftPackageReference;
			repositoryURL = "https://github.com/google/GoogleSignIn-iOS";
			requirement = {
				kind = upToNextMajorVersion;
				minimumVersion = 8.0.0;
			};
		};
/* End XCRemoteSwiftPackageReference section */

/* Begin XCSwiftPackageProductDependency section */
		A00B00010000000000000001 /* FirebaseAuth */ = {
			isa = XCSwiftPackageProductDependency;
			package = A00A00010000000000000001 /* XCRemoteSwiftPackageReference "firebase-ios-sdk" */;
			productName = FirebaseAuth;
		};
		A00B00010000000000000002 /* FirebaseCore */ = {
			isa = XCSwiftPackageProductDependency;
			package = A00A00010000000000000001 /* XCRemoteSwiftPackageReference "firebase-ios-sdk" */;
			productName = FirebaseCore;
		};
		A00B00010000000000000003 /* GoogleSignIn */ = {
			isa = XCSwiftPackageProductDependency;
			package = A00A00010000000000000002 /* XCRemoteSwiftPackageReference "GoogleSignIn-iOS" */;
			productName = GoogleSignIn;
		};
/* End XCSwiftPackageProductDependency section */
	};
	rootObject = A00600010000000000000001 /* Project object */;
}
