// !$*UTF8*$!
{
	archiveVersion = 1;
	classes = {
	};
	objectVersion = 77;
	objects = {

/* Begin PBXBuildFile section */
		57B100012FA3AB6D0043EEC1 /* FirebaseAuth in Frameworks */ = {isa = PBXBuildFile; productRef = 57B100072FA3AB6D0043EEC1 /* FirebaseAuth */; };
		57B100022FA3AB6D0043EEC1 /* FirebaseCore in Frameworks */ = {isa = PBXBuildFile; productRef = 57B100082FA3AB6D0043EEC1 /* FirebaseCore */; };
		57B100032FA3AB6D0043EEC1 /* GoogleSignIn in Frameworks */ = {isa = PBXBuildFile; productRef = 57B100092FA3AB6D0043EEC1 /* GoogleSignIn */; };
/* End PBXBuildFile section */

/* Begin PBXContainerItemProxy section */
		571A73002FA3AB6D0043EEC1 /* PBXContainerItemProxy */ = {
			isa = PBXContainerItemProxy;
			containerPortal = 571A72EA2FA3AB6B0043EEC1 /* Project object */;
			proxyType = 1;
			remoteGlobalIDString = 571A72F12FA3AB6B0043EEC1;
			remoteInfo = "google-sso-sample";
		};
		571A730A2FA3AB6D0043EEC1 /* PBXContainerItemProxy */ = {
			isa = PBXContainerItemProxy;
			containerPortal = 571A72EA2FA3AB6B0043EEC1 /* Project object */;
			proxyType = 1;
			remoteGlobalIDString = 571A72F12FA3AB6B0043EEC1;
			remoteInfo = "google-sso-sample";
		};
/* End PBXContainerItemProxy section */

/* Begin PBXFileReference section */
		571A72F22FA3AB6B0043EEC1 /* google-sso-sample.app */ = {isa = PBXFileReference; explicitFileType = wrapper.application; includeInIndex = 0; path = "google-sso-sample.app"; sourceTree = BUILT_PRODUCTS_DIR; };
		571A72FF2FA3AB6D0043EEC1 /* google-sso-sampleTests.xctest */ = {isa = PBXFileReference; explicitFileType = wrapper.cfbundle; includeInIndex = 0; path = "google-sso-sampleTests.xctest"; sourceTree = BUILT_PRODUCTS_DIR; };
		571A73092FA3AB6D0043EEC1 /* google-sso-sampleUITests.xctest */ = {isa = PBXFileReference; explicitFileType = wrapper.cfbundle; includeInIndex = 0; path = "google-sso-sampleUITests.xctest"; sourceTree = BUILT_PRODUCTS_DIR; };
/* End PBXFileReference section */

/* Begin PBXFileSystemSynchronizedBuildFileExceptionSet section */
		57E2B6DE2FAA5434006E35F3 /* Exceptions for "google-sso-sample" folder in "google-sso-sample" target */ = {
			isa = PBXFileSystemSynchronizedBuildFileExceptionSet;
			membershipExceptions = (
				Resources/Info.plist,
			);
			target = 571A72F12FA3AB6B0043EEC1 /* google-sso-sample */;
		};
/* End PBXFileSystemSynchronizedBuildFileExceptionSet section */

/* Begin PBXFileSystemSynchronizedRootGroup section */
		571A72F42FA3AB6B0043EEC1 /* google-sso-sample */ = {
			isa = PBXFileSystemSynchronizedRootGroup;
			exceptions = (
				57E2B6DE2FAA5434006E35F3 /* Exceptions for "google-sso-sample" folder in "google-sso-sample" target */,
			);
			path = "google-sso-sample";
			sourceTree = "<group>";
		};
		571A73022FA3AB6D0043EEC1 /* google-sso-sampleTests */ = {
			isa = PBXFileSystemSynchronizedRootGroup;
			path = "google-sso-sampleTests";
			sourceTree = "<group>";
		};
		571A730C2FA3AB6D0043EEC1 /* google-sso-sampleUITests */ = {
			isa = PBXFileSystemSynchronizedRootGroup;
			path = "google-sso-sampleUITests";
			sourceTree = "<group>";
		};
/* End PBXFileSystemSynchronizedRootGroup section */

/* Begin PBXFrameworksBuildPhase section */
		571A72EF2FA3AB6B0043EEC1 /* Frameworks */ = {
			isa = PBXFrameworksBuildPhase;
			buildActionMask = 2147483647;
			files = (
				57B100012FA3AB6D0043EEC1 /* FirebaseAuth in Frameworks */,
				57B100022FA3AB6D0043EEC1 /* FirebaseCore in Frameworks */,
				57B100032FA3AB6D0043EEC1 /* GoogleSignIn in Frameworks */,
			);
			runOnlyForDeploymentPostprocessing = 0;
		};
		571A72FC2FA3AB6D0043EEC1 /* Frameworks */ = {
			isa = PBXFrameworksBuildPhase;
			buildActionMask = 2147483647;
			files = (
			);
			runOnlyForDeploymentPostprocessing = 0;
		};
		571A73062FA3AB6D0043EEC1 /* Frameworks */ = {
			isa = PBXFrameworksBuildPhase;
			buildActionMask = 2147483647;
			files = (
			);
			runOnlyForDeploymentPostprocessing = 0;
		};
/* End PBXFrameworksBuildPhase section */

/* Begin PBXGroup section */
		571A72E92FA3AB6B0043EEC1 = {
			isa = PBXGroup;
			children = (
				571A72F42FA3AB6B0043EEC1 /* google-sso-sample */,
				571A73022FA3AB6D0043EEC1 /* google-sso-sampleTests */,
				571A730C2FA3AB6D0043EEC1 /* google-sso-sampleUITests */,
				571A72F32FA3AB6B0043EEC1 /* Products */,
			);
			sourceTree = "<group>";
		};
		571A72F32FA3AB6B0043EEC1 /* Products */ = {
			isa = PBXGroup;
			children = (
				571A72F22FA3AB6B0043EEC1 /* google-sso-sample.app */,
				571A72FF2FA3AB6D0043EEC1 /* google-sso-sampleTests.xctest */,
				571A73092FA3AB6D0043EEC1 /* google-sso-sampleUITests.xctest */,
			);
			name = Products;
			sourceTree = "<group>";
		};
/* End PBXGroup section */

/* Begin PBXNativeTarget section */
		571A72F12FA3AB6B0043EEC1 /* google-sso-sample */ = {
			isa = PBXNativeTarget;
			buildConfigurationList = 571A73132FA3AB6D0043EEC1 /* Build configuration list for PBXNativeTarget "google-sso-sample" */;
			buildPhases = (
				571A72EE2FA3AB6B0043EEC1 /* Sources */,
				571A72EF2FA3AB6B0043EEC1 /* Frameworks */,
				571A72F02FA3AB6B0043EEC1 /* Resources */,
			);
			buildRules = (
			);
			dependencies = (
			);
			fileSystemSynchronizedGroups = (
				571A72F42FA3AB6B0043EEC1 /* google-sso-sample */,
			);
			name = "google-sso-sample";
			packageProductDependencies = (
				57B100072FA3AB6D0043EEC1 /* FirebaseAuth */,
				57B100082FA3AB6D0043EEC1 /* FirebaseCore */,
				57B100092FA3AB6D0043EEC1 /* GoogleSignIn */,
			);
			productName = "google-sso-sample";
			productReference = 571A72F22FA3AB6B0043EEC1 /* google-sso-sample.app */;
			productType = "com.apple.product-type.application";
		};
		571A72FE2FA3AB6D0043EEC1 /* google-sso-sampleTests */ = {
			isa = PBXNativeTarget;
			buildConfigurationList = 571A73162FA3AB6D0043EEC1 /* Build configuration list for PBXNativeTarget "google-sso-sampleTests" */;
			buildPhases = (
				571A72FB2FA3AB6D0043EEC1 /* Sources */,
				571A72FC2FA3AB6D0043EEC1 /* Frameworks */,
				571A72FD2FA3AB6D0043EEC1 /* Resources */,
			);
			buildRules = (
			);
			dependencies = (
				571A73012FA3AB6D0043EEC1 /* PBXTargetDependency */,
			);
			fileSystemSynchronizedGroups = (
				571A73022FA3AB6D0043EEC1 /* google-sso-sampleTests */,
			);
			name = "google-sso-sampleTests";
			packageProductDependencies = (
			);
			productName = "google-sso-sampleTests";
			productReference = 571A72FF2FA3AB6D0043EEC1 /* google-sso-sampleTests.xctest */;
			productType = "com.apple.product-type.bundle.unit-test";
		};
		571A73082FA3AB6D0043EEC1 /* google-sso-sampleUITests */ = {
			isa = PBXNativeTarget;
			buildConfigurationList = 571A73192FA3AB6D0043EEC1 /* Build configuration list for PBXNativeTarget "google-sso-sampleUITests" */;
			buildPhases = (
				571A73052FA3AB6D0043EEC1 /* Sources */,
				571A73062FA3AB6D0043EEC1 /* Frameworks */,
				571A73072FA3AB6D0043EEC1 /* Resources */,
			);
			buildRules = (
			);
			dependencies = (
				571A730B2FA3AB6D0043EEC1 /* PBXTargetDependency */,
			);
			fileSystemSynchronizedGroups = (
				571A730C2FA3AB6D0043EEC1 /* google-sso-sampleUITests */,
			);
			name = "google-sso-sampleUITests";
			packageProductDependencies = (
			);
			productName = "google-sso-sampleUITests";
			productReference = 571A73092FA3AB6D0043EEC1 /* google-sso-sampleUITests.xctest */;
			productType = "com.apple.product-type.bundle.ui-testing";
		};
/* End PBXNativeTarget section */

/* Begin PBXProject section */
		571A72EA2FA3AB6B0043EEC1 /* Project object */ = {
			isa = PBXProject;
			attributes = {
				BuildIndependentTargetsInParallel = 1;
				LastSwiftUpdateCheck = 2640;
				LastUpgradeCheck = 2640;
				TargetAttributes = {
					571A72F12FA3AB6B0043EEC1 = {
						CreatedOnToolsVersion = 26.4.1;
					};
					571A72FE2FA3AB6D0043EEC1 = {
						CreatedOnToolsVersion = 26.4.1;
						TestTargetID = 571A72F12FA3AB6B0043EEC1;
					};
					571A73082FA3AB6D0043EEC1 = {
						CreatedOnToolsVersion = 26.4.1;
						TestTargetID = 571A72F12FA3AB6B0043EEC1;
					};
				};
			};
			buildConfigurationList = 571A72ED2FA3AB6B0043EEC1 /* Build configuration list for PBXProject "google-sso-sample" */;
			developmentRegion = en;
			hasScannedForEncodings = 0;
			knownRegions = (
				en,
				Base,
			);
			mainGroup = 571A72E92FA3AB6B0043EEC1;
			minimizedProjectReferenceProxies = 1;
			packageReferences = (
				57B100052FA3AB6D0043EEC1 /* XCRemoteSwiftPackageReference "firebase-ios-sdk" */,
				57B100062FA3AB6D0043EEC1 /* XCRemoteSwiftPackageReference "GoogleSignIn-iOS" */,
			);
			preferredProjectObjectVersion = 77;
			productRefGroup = 571A72F32FA3AB6B0043EEC1 /* Products */;
			projectDirPath = "";
			projectRoot = "";
			targets = (
				571A72F12FA3AB6B0043EEC1 /* google-sso-sample */,
				571A72FE2FA3AB6D0043EEC1 /* google-sso-sampleTests */,
				571A73082FA3AB6D0043EEC1 /* google-sso-sampleUITests */,
			);
		};
/* End PBXProject section */

/* Begin PBXResourcesBuildPhase section */
		571A72F02FA3AB6B0043EEC1 /* Resources */ = {
			isa = PBXResourcesBuildPhase;
			buildActionMask = 2147483647;
			files = (
			);
			runOnlyForDeploymentPostprocessing = 0;
		};
		571A72FD2FA3AB6D0043EEC1 /* Resources */ = {
			isa = PBXResourcesBuildPhase;
			buildActionMask = 2147483647;
			files = (
			);
			runOnlyForDeploymentPostprocessing = 0;
		};
		571A73072FA3AB6D0043EEC1 /* Resources */ = {
			isa = PBXResourcesBuildPhase;
			buildActionMask = 2147483647;
			files = (
			);
			runOnlyForDeploymentPostprocessing = 0;
		};
/* End PBXResourcesBuildPhase section */

/* Begin PBXSourcesBuildPhase section */
		571A72EE2FA3AB6B0043EEC1 /* Sources */ = {
			isa = PBXSourcesBuildPhase;
			buildActionMask = 2147483647;
			files = (
			);
			runOnlyForDeploymentPostprocessing = 0;
		};
		571A72FB2FA3AB6D0043EEC1 /* Sources */ = {
			isa = PBXSourcesBuildPhase;
			buildActionMask = 2147483647;
			files = (
			);
			runOnlyForDeploymentPostprocessing = 0;
		};
		571A73052FA3AB6D0043EEC1 /* Sources */ = {
			isa = PBXSourcesBuildPhase;
			buildActionMask = 2147483647;
			files = (
			);
			runOnlyForDeploymentPostprocessing = 0;
		};
/* End PBXSourcesBuildPhase section */

/* Begin PBXTargetDependency section */
		571A73012FA3AB6D0043EEC1 /* PBXTargetDependency */ = {
			isa = PBXTargetDependency;
			target = 571A72F12FA3AB6B0043EEC1 /* google-sso-sample */;
			targetProxy = 571A73002FA3AB6D0043EEC1 /* PBXContainerItemProxy */;
		};
		571A730B2FA3AB6D0043EEC1 /* PBXTargetDependency */ = {
			isa = PBXTargetDependency;
			target = 571A72F12FA3AB6B0043EEC1 /* google-sso-sample */;
			targetProxy = 571A730A2FA3AB6D0043EEC1 /* PBXContainerItemProxy */;
		};
/* End PBXTargetDependency section */

/* Begin XCBuildConfiguration section */
		571A73112FA3AB6D0043EEC1 /* Debug */ = {
			isa = XCBuildConfiguration;
			buildSettings = {
				ALWAYS_SEARCH_USER_PATHS = NO;
				ASSETCATALOG_COMPILER_GENERATE_SWIFT_ASSET_SYMBOL_EXTENSIONS = YES;
				CLANG_ANALYZER_NONNULL = YES;
				CLANG_ANALYZER_NUMBER_OBJECT_CONVERSION = YES_AGGRESSIVE;
				CLANG_CXX_LANGUAGE_STANDARD = "gnu++20";
				CLANG_ENABLE_MODULES = YES;
				CLANG_ENABLE_OBJC_ARC = YES;
				CLANG_ENABLE_OBJC_WEAK = YES;
				CLANG_WARN_BLOCK_CAPTURE_AUTORELEASING = YES;
				CLANG_WARN_BOOL_CONVERSION = YES;
				CLANG_WARN_COMMA = YES;
				CLANG_WARN_CONSTANT_CONVERSION = YES;
				CLANG_WARN_DEPRECATED_OBJC_IMPLEMENTATIONS = YES;
				CLANG_WARN_DIRECT_OBJC_ISA_USAGE = YES_ERROR;
				CLANG_WARN_DOCUMENTATION_COMMENTS = YES;
				CLANG_WARN_EMPTY_BODY = YES;
				CLANG_WARN_ENUM_CONVERSION = YES;
				CLANG_WARN_INFINITE_RECURSION = YES;
				CLANG_WARN_INT_CONVERSION = YES;
				CLANG_WARN_NON_LITERAL_NULL_CONVERSION = YES;
				CLANG_WARN_OBJC_IMPLICIT_RETAIN_SELF = YES;
				CLANG_WARN_OBJC_LITERAL_CONVERSION = YES;
				CLANG_WARN_OBJC_ROOT_CLASS = YES_ERROR;
				CLANG_WARN_QUOTED_INCLUDE_IN_FRAMEWORK_HEADER = YES;
				CLANG_WARN_RANGE_LOOP_ANALYSIS = YES;
				CLANG_WARN_STRICT_PROTOTYPES = YES;
				CLANG_WARN_SUSPICIOUS_MOVE = YES;
				CLANG_WARN_UNGUARDED_AVAILABILITY = YES_AGGRESSIVE;
				CLANG_WARN_UNREACHABLE_CODE = YES;
				CLANG_WARN__DUPLICATE_METHOD_MATCH = YES;
				COPY_PHASE_STRIP = NO;
				DEBUG_INFORMATION_FORMAT = dwarf;
				DEVELOPMENT_TEAM = 86HP2LKRVC;
				ENABLE_STRICT_OBJC_MSGSEND = YES;
				ENABLE_TESTABILITY = YES;
				ENABLE_USER_SCRIPT_SANDBOXING = YES;
				GCC_C_LANGUAGE_STANDARD = gnu17;
				GCC_DYNAMIC_NO_PIC = NO;
				GCC_NO_COMMON_BLOCKS = YES;
				GCC_OPTIMIZATION_LEVEL = 0;
				GCC_PREPROCESSOR_DEFINITIONS = (
					"DEBUG=1",
					"$(inherited)",
				);
				GCC_WARN_64_TO_32_BIT_CONVERSION = YES;
				GCC_WARN_ABOUT_RETURN_TYPE = YES_ERROR;
				GCC_WARN_UNDECLARED_SELECTOR = YES;
				GCC_WARN_UNINITIALIZED_AUTOS = YES_AGGRESSIVE;
				GCC_WARN_UNUSED_FUNCTION = YES;
				GCC_WARN_UNUSED_VARIABLE = YES;
				IPHONEOS_DEPLOYMENT_TARGET = 26.4;
				LOCALIZATION_PREFERS_STRING_CATALOGS = YES;
				MTL_ENABLE_DEBUG_INFO = INCLUDE_SOURCE;
				MTL_FAST_MATH = YES;
				ONLY_ACTIVE_ARCH = YES;
				SDKROOT = iphoneos;
				SWIFT_ACTIVE_COMPILATION_CONDITIONS = "DEBUG $(inherited)";
				SWIFT_OPTIMIZATION_LEVEL = "-Onone";
			};
			name = Debug;
		};
		571A73122FA3AB6D0043EEC1 /* Release */ = {
			isa = XCBuildConfiguration;
			buildSettings = {
				ALWAYS_SEARCH_USER_PATHS = NO;
				ASSETCATALOG_COMPILER_GENERATE_SWIFT_ASSET_SYMBOL_EXTENSIONS = YES;
				CLANG_ANALYZER_NONNULL = YES;
				CLANG_ANALYZER_NUMBER_OBJECT_CONVERSION = YES_AGGRESSIVE;
				CLANG_CXX_LANGUAGE_STANDARD = "gnu++20";
				CLANG_ENABLE_MODULES = YES;
				CLANG_ENABLE_OBJC_ARC = YES;
				CLANG_ENABLE_OBJC_WEAK = YES;
				CLANG_WARN_BLOCK_CAPTURE_AUTORELEASING = YES;
				CLANG_WARN_BOOL_CONVERSION = YES;
				CLANG_WARN_COMMA = YES;
				CLANG_WARN_CONSTANT_CONVERSION = YES;
				CLANG_WARN_DEPRECATED_OBJC_IMPLEMENTATIONS = YES;
				CLANG_WARN_DIRECT_OBJC_ISA_USAGE = YES_ERROR;
				CLANG_WARN_DOCUMENTATION_COMMENTS = YES;
				CLANG_WARN_EMPTY_BODY = YES;
				CLANG_WARN_ENUM_CONVERSION = YES;
				CLANG_WARN_INFINITE_RECURSION = YES;
				CLANG_WARN_INT_CONVERSION = YES;
				CLANG_WARN_NON_LITERAL_NULL_CONVERSION = YES;
				CLANG_WARN_OBJC_IMPLICIT_RETAIN_SELF = YES;
				CLANG_WARN_OBJC_LITERAL_CONVERSION = YES;
				CLANG_WARN_OBJC_ROOT_CLASS = YES_ERROR;
				CLANG_WARN_QUOTED_INCLUDE_IN_FRAMEWORK_HEADER = YES;
				CLANG_WARN_RANGE_LOOP_ANALYSIS = YES;
				CLANG_WARN_STRICT_PROTOTYPES = YES;
				CLANG_WARN_SUSPICIOUS_MOVE = YES;
				CLANG_WARN_UNGUARDED_AVAILABILITY = YES_AGGRESSIVE;
				CLANG_WARN_UNREACHABLE_CODE = YES;
				CLANG_WARN__DUPLICATE_METHOD_MATCH = YES;
				COPY_PHASE_STRIP = NO;
				DEBUG_INFORMATION_FORMAT = "dwarf-with-dsym";
				DEVELOPMENT_TEAM = 86HP2LKRVC;
				ENABLE_NS_ASSERTIONS = NO;
				ENABLE_STRICT_OBJC_MSGSEND = YES;
				ENABLE_USER_SCRIPT_SANDBOXING = YES;
				GCC_C_LANGUAGE_STANDARD = gnu17;
				GCC_NO_COMMON_BLOCKS = YES;
				GCC_WARN_64_TO_32_BIT_CONVERSION = YES;
				GCC_WARN_ABOUT_RETURN_TYPE = YES_ERROR;
				GCC_WARN_UNDECLARED_SELECTOR = YES;
				GCC_WARN_UNINITIALIZED_AUTOS = YES_AGGRESSIVE;
				GCC_WARN_UNUSED_FUNCTION = YES;
				GCC_WARN_UNUSED_VARIABLE = YES;
				IPHONEOS_DEPLOYMENT_TARGET = 26.4;
				LOCALIZATION_PREFERS_STRING_CATALOGS = YES;
				MTL_ENABLE_DEBUG_INFO = NO;
				MTL_FAST_MATH = YES;
				SDKROOT = iphoneos;
				SWIFT_COMPILATION_MODE = wholemodule;
				VALIDATE_PRODUCT = YES;
			};
			name = Release;
		};
		571A73142FA3AB6D0043EEC1 /* Debug */ = {
			isa = XCBuildConfiguration;
			buildSettings = {
				ASSETCATALOG_COMPILER_APPICON_NAME = AppIcon;
				ASSETCATALOG_COMPILER_GLOBAL_ACCENT_COLOR_NAME = AccentColor;
				CODE_SIGN_STYLE = Automatic;
				CURRENT_PROJECT_VERSION = 1;
				DEVELOPMENT_TEAM = 86HP2LKRVC;
				ENABLE_PREVIEWS = YES;
				GENERATE_INFOPLIST_FILE = NO;
				INFOPLIST_FILE = "google-sso-sample/Resources/Info.plist";
				LD_RUNPATH_SEARCH_PATHS = (
					"$(inherited)",
					"@executable_path/Frameworks",
				);
				MARKETING_VERSION = 1.0;
				PRODUCT_BUNDLE_IDENTIFIER = "com.arensoft.google-sso-sample";
				PRODUCT_NAME = "$(TARGET_NAME)";
				STRING_CATALOG_GENERATE_SYMBOLS = YES;
				SWIFT_APPROACHABLE_CONCURRENCY = YES;
				SWIFT_DEFAULT_ACTOR_ISOLATION = MainActor;
				SWIFT_EMIT_LOC_STRINGS = YES;
				SWIFT_UPCOMING_FEATURE_MEMBER_IMPORT_VISIBILITY = YES;
				SWIFT_VERSION = 5.0;
				TARGETED_DEVICE_FAMILY = "1,2";
			};
			name = Debug;
		};
		571A73152FA3AB6D0043EEC1 /* Release */ = {
			isa = XCBuildConfiguration;
			buildSettings = {
				ASSETCATALOG_COMPILER_APPICON_NAME = AppIcon;
				ASSETCATALOG_COMPILER_GLOBAL_ACCENT_COLOR_NAME = AccentColor;
				CODE_SIGN_STYLE = Automatic;
				CURRENT_PROJECT_VERSION = 1;
				DEVELOPMENT_TEAM = 86HP2LKRVC;
				ENABLE_PREVIEWS = YES;
				GENERATE_INFOPLIST_FILE = NO;
				INFOPLIST_FILE = "google-sso-sample/Resources/Info.plist";
				LD_RUNPATH_SEARCH_PATHS = (
					"$(inherited)",
					"@executable_path/Frameworks",
				);
				MARKETING_VERSION = 1.0;
				PRODUCT_BUNDLE_IDENTIFIER = "com.arensoft.google-sso-sample";
				PRODUCT_NAME = "$(TARGET_NAME)";
				STRING_CATALOG_GENERATE_SYMBOLS = YES;
				SWIFT_APPROACHABLE_CONCURRENCY = YES;
				SWIFT_DEFAULT_ACTOR_ISOLATION = MainActor;
				SWIFT_EMIT_LOC_STRINGS = YES;
				SWIFT_UPCOMING_FEATURE_MEMBER_IMPORT_VISIBILITY = YES;
				SWIFT_VERSION = 5.0;
				TARGETED_DEVICE_FAMILY = "1,2";
			};
			name = Release;
		};
		571A73172FA3AB6D0043EEC1 /* Debug */ = {
			isa = XCBuildConfiguration;
			buildSettings = {
				BUNDLE_LOADER = "$(TEST_HOST)";
				CODE_SIGN_STYLE = Automatic;
				CURRENT_PROJECT_VERSION = 1;
				DEVELOPMENT_TEAM = 86HP2LKRVC;
				GENERATE_INFOPLIST_FILE = YES;
				IPHONEOS_DEPLOYMENT_TARGET = 26.4;
				MARKETING_VERSION = 1.0;
				PRODUCT_BUNDLE_IDENTIFIER = "com.arensoft.google-sso-sampleTests";
				PRODUCT_NAME = "$(TARGET_NAME)";
				STRING_CATALOG_GENERATE_SYMBOLS = NO;
				SWIFT_APPROACHABLE_CONCURRENCY = YES;
				SWIFT_EMIT_LOC_STRINGS = NO;
				SWIFT_UPCOMING_FEATURE_MEMBER_IMPORT_VISIBILITY = YES;
				SWIFT_VERSION = 5.0;
				TARGETED_DEVICE_FAMILY = "1,2";
				TEST_HOST = "$(BUILT_PRODUCTS_DIR)/google-sso-sample.app/$(BUNDLE_EXECUTABLE_FOLDER_PATH)/google-sso-sample";
			};
			name = Debug;
		};
		571A73182FA3AB6D0043EEC1 /* Release */ = {
			isa = XCBuildConfiguration;
			buildSettings = {
				BUNDLE_LOADER = "$(TEST_HOST)";
				CODE_SIGN_STYLE = Automatic;
				CURRENT_PROJECT_VERSION = 1;
				DEVELOPMENT_TEAM = 86HP2LKRVC;
				GENERATE_INFOPLIST_FILE = YES;
				IPHONEOS_DEPLOYMENT_TARGET = 26.4;
				MARKETING_VERSION = 1.0;
				PRODUCT_BUNDLE_IDENTIFIER = "com.arensoft.google-sso-sampleTests";
				PRODUCT_NAME = "$(TARGET_NAME)";
				STRING_CATALOG_GENERATE_SYMBOLS = NO;
				SWIFT_APPROACHABLE_CONCURRENCY = YES;
				SWIFT_EMIT_LOC_STRINGS = NO;
				SWIFT_UPCOMING_FEATURE_MEMBER_IMPORT_VISIBILITY = YES;
				SWIFT_VERSION = 5.0;
				TARGETED_DEVICE_FAMILY = "1,2";
				TEST_HOST = "$(BUILT_PRODUCTS_DIR)/google-sso-sample.app/$(BUNDLE_EXECUTABLE_FOLDER_PATH)/google-sso-sample";
			};
			name = Release;
		};
		571A731A2FA3AB6D0043EEC1 /* Debug */ = {
			isa = XCBuildConfiguration;
			buildSettings = {
				CODE_SIGN_STYLE = Automatic;
				CURRENT_PROJECT_VERSION = 1;
				DEVELOPMENT_TEAM = 86HP2LKRVC;
				GENERATE_INFOPLIST_FILE = YES;
				MARKETING_VERSION = 1.0;
				PRODUCT_BUNDLE_IDENTIFIER = "com.arensoft.google-sso-sampleUITests";
				PRODUCT_NAME = "$(TARGET_NAME)";
				STRING_CATALOG_GENERATE_SYMBOLS = NO;
				SWIFT_APPROACHABLE_CONCURRENCY = YES;
				SWIFT_EMIT_LOC_STRINGS = NO;
				SWIFT_UPCOMING_FEATURE_MEMBER_IMPORT_VISIBILITY = YES;
				SWIFT_VERSION = 5.0;
				TARGETED_DEVICE_FAMILY = "1,2";
				TEST_TARGET_NAME = "google-sso-sample";
			};
			name = Debug;
		};
		571A731B2FA3AB6D0043EEC1 /* Release */ = {
			isa = XCBuildConfiguration;
			buildSettings = {
				CODE_SIGN_STYLE = Automatic;
				CURRENT_PROJECT_VERSION = 1;
				DEVELOPMENT_TEAM = 86HP2LKRVC;
				GENERATE_INFOPLIST_FILE = YES;
				MARKETING_VERSION = 1.0;
				PRODUCT_BUNDLE_IDENTIFIER = "com.arensoft.google-sso-sampleUITests";
				PRODUCT_NAME = "$(TARGET_NAME)";
				STRING_CATALOG_GENERATE_SYMBOLS = NO;
				SWIFT_APPROACHABLE_CONCURRENCY = YES;
				SWIFT_EMIT_LOC_STRINGS = NO;
				SWIFT_UPCOMING_FEATURE_MEMBER_IMPORT_VISIBILITY = YES;
				SWIFT_VERSION = 5.0;
				TARGETED_DEVICE_FAMILY = "1,2";
				TEST_TARGET_NAME = "google-sso-sample";
			};
			name = Release;
		};
/* End XCBuildConfiguration section */

/* Begin XCConfigurationList section */
		571A72ED2FA3AB6B0043EEC1 /* Build configuration list for PBXProject "google-sso-sample" */ = {
			isa = XCConfigurationList;
			buildConfigurations = (
				571A73112FA3AB6D0043EEC1 /* Debug */,
				571A73122FA3AB6D0043EEC1 /* Release */,
			);
			defaultConfigurationIsVisible = 0;
			defaultConfigurationName = Release;
		};
		571A73132FA3AB6D0043EEC1 /* Build configuration list for PBXNativeTarget "google-sso-sample" */ = {
			isa = XCConfigurationList;
			buildConfigurations = (
				571A73142FA3AB6D0043EEC1 /* Debug */,
				571A73152FA3AB6D0043EEC1 /* Release */,
			);
			defaultConfigurationIsVisible = 0;
			defaultConfigurationName = Release;
		};
		571A73162FA3AB6D0043EEC1 /* Build configuration list for PBXNativeTarget "google-sso-sampleTests" */ = {
			isa = XCConfigurationList;
			buildConfigurations = (
				571A73172FA3AB6D0043EEC1 /* Debug */,
				571A73182FA3AB6D0043EEC1 /* Release */,
			);
			defaultConfigurationIsVisible = 0;
			defaultConfigurationName = Release;
		};
		571A73192FA3AB6D0043EEC1 /* Build configuration list for PBXNativeTarget "google-sso-sampleUITests" */ = {
			isa = XCConfigurationList;
			buildConfigurations = (
				571A731A2FA3AB6D0043EEC1 /* Debug */,
				571A731B2FA3AB6D0043EEC1 /* Release */,
			);
			defaultConfigurationIsVisible = 0;
			defaultConfigurationName = Release;
		};
/* End XCConfigurationList section */

/* Begin XCRemoteSwiftPackageReference section */
		57B100052FA3AB6D0043EEC1 /* XCRemoteSwiftPackageReference "firebase-ios-sdk" */ = {
			isa = XCRemoteSwiftPackageReference;
			repositoryURL = "https://github.com/firebase/firebase-ios-sdk";
			requirement = {
				kind = upToNextMajorVersion;
				minimumVersion = 11.0.0;
			};
		};
		57B100062FA3AB6D0043EEC1 /* XCRemoteSwiftPackageReference "GoogleSignIn-iOS" */ = {
			isa = XCRemoteSwiftPackageReference;
			repositoryURL = "https://github.com/google/GoogleSignIn-iOS";
			requirement = {
				kind = upToNextMajorVersion;
				minimumVersion = 8.0.0;
			};
		};
/* End XCRemoteSwiftPackageReference section */

/* Begin XCSwiftPackageProductDependency section */
		57B100072FA3AB6D0043EEC1 /* FirebaseAuth */ = {
			isa = XCSwiftPackageProductDependency;
			package = 57B100052FA3AB6D0043EEC1 /* XCRemoteSwiftPackageReference "firebase-ios-sdk" */;
			productName = FirebaseAuth;
		};
		57B100082FA3AB6D0043EEC1 /* FirebaseCore */ = {
			isa = XCSwiftPackageProductDependency;
			package = 57B100052FA3AB6D0043EEC1 /* XCRemoteSwiftPackageReference "firebase-ios-sdk" */;
			productName = FirebaseCore;
		};
		57B100092FA3AB6D0043EEC1 /* GoogleSignIn */ = {
			isa = XCSwiftPackageProductDependency;
			package = 57B100062FA3AB6D0043EEC1 /* XCRemoteSwiftPackageReference "GoogleSignIn-iOS" */;
			productName = GoogleSignIn;
		};
/* End XCSwiftPackageProductDependency section */
	};
	rootObject = 571A72EA2FA3AB6B0043EEC1 /* Project object */;
}
